{
  "name": "katex-server",
  "version": "0.1.0",
  "lockfileVersion": 2,
  "requires": true,
  "packages": {
    "": {
      "name": "katex-server",
      "version": "0.1.0",
      "license": "MIT",
      "dependencies": {
        "katex": "^0.13.0"
      }
    },
    "node_modules/commander": {
      "version": "6.2.1",
      "resolved": "https://registry.npmjs.org/commander/-/commander-6.2.1.tgz",
      "integrity": "sha512-U7VdrJFnJgo4xjrHpTzu0yrHPGImdsmD95ZlgYSEajAn2JKzDhDTPG9kBTefmObL2w/ngeZnilk+OV9CG3d7UA==",
      "engines": {
        "node": ">= 6"
      }
    },
    "node_modules/katex": {
      "version": "0.13.0",
      "resolved": "https://registry.npmjs.org/katex/-/katex-0.13.0.tgz",
      "integrity": "sha512-6cHbzbegYgS9vvVGuH8UA+o97X+ZshtboSqJJCdq7trBYzuD75JNwr7Ef606xkUjecPPhFnyB+afx1dVafielg==",
      "dependencies": {
        "commander": "^6.0.0"
      },
      "bin": {
        "katex": "cli.js"
      }
    }
  },
  "dependencies": {
    "commander": {
      "version": "6.2.1",
      "resolved": "https://registry.npmjs.org/commander/-/commander-6.2.1.tgz",
      "integrity": "sha512-U7VdrJFnJgo4xjrHpTzu0yrHPGImdsmD95ZlgYSEajAn2JKzDhDTPG9kBTefmObL2w/ngeZnilk+OV9CG3d7UA=="
    },
    "katex": {
      "version": "0.13.0",
      "resolved": "https://registry.npmjs.org/katex/-/katex-0.13.0.tgz",
      "integrity": "sha512-6cHbzbegYgS9vvVGuH8UA+o97X+ZshtboSqJJCdq7trBYzuD75JNwr7Ef606xkUjecPPhFnyB+afx1dVafielg==",
      "requires": {
        "commander": "^6.0.0"
      }
    }
  }
}
